
Microsoft Visual Studio Solution File, Format Version 12.00
# Visual Studio Version 17
VisualStudioVersion = 17.3.32922.545
MinimumVisualStudioVersion = 10.0.40219.1
Project("{FAE04EC0-301F-11D3-BF4B-00C04F79EFBC}") = "Image_Uploader", "Image_Uploader.csproj", "{3F9005A1-549C-4048-99F4-896BD538070D}"
EndProject
Global
	GlobalSection(SolutionConfigurationPlatforms) = preSolution
		Debug|Any CPU = Debug|Any CPU
		Release|Any CPU = Release|Any CPU
	EndGlobalSection
	GlobalSection(ProjectConfigurationPlatforms) = postSolution
		{3F9005A1-549C-4048-99F4-896BD538070D}.Debug|Any CPU.ActiveCfg = Debug|Any CPU
		{3F9005A1-549C-4048-99F4-896BD538070D}.Debug|Any CPU.Build.0 = Debug|Any CPU
		{3F9005A1-549C-4048-99F4-896BD538070D}.Release|Any CPU.ActiveCfg = Release|Any CPU
		{3F9005A1-549C-4048-99F4-896BD538070D}.Release|Any CPU.Build.0 = Release|Any CPU
	EndGlobalSection
	GlobalSection(SolutionProperties) = preSolution
		HideSolutionNode = FALSE
	EndGlobalSection
	GlobalSection(ExtensibilityGlobals) = postSolution
		SolutionGuid = {AF0FDDCA-B1BE-4891-A68C-F2D6974330CC}
	EndGlobalSection
EndGlobal
